// !$*UTF8*$!
{
	archiveVersion = 1;
	classes = {
	};
	objectVersion = 48;
	objects = {

/* Begin PBXBuildFile section */
		97A2E18A2020D0EE00E625C5 /* AppDelegate.m in Sources */ = {isa = PBXBuildFile; fileRef = 97A2E1892020D0EE00E625C5 /* AppDelegate.m */; };
		97A2E1902020D0EE00E625C5 /* Main.storyboard in Resources */ = {isa = PBXBuildFile; fileRef = 97A2E18E2020D0EE00E625C5 /* Main.storyboard */; };
		97A2E1922020D0EE00E625C5 /* Assets.xcassets in Resources */ = {isa = PBXBuildFile; fileRef = 97A2E1912020D0EE00E625C5 /* Assets.xcassets */; };
		97A2E1952020D0EE00E625C5 /* LaunchScreen.storyboard in Resources */ = {isa = PBXBuildFile; fileRef = 97A2E1932020D0EE00E625C5 /* LaunchScreen.storyboard */; };
		97A2E1982020D0EE00E625C5 /* main.m in Sources */ = {isa = PBXBuildFile; fileRef = 97A2E1972020D0EE00E625C5 /* main.m */; };
		97A2E1A22020D0EE00E625C5 /* Every_DoTests.m in Sources */ = {isa = PBXBuildFile; fileRef = 97A2E1A12020D0EE00E625C5 /* Every_DoTests.m */; };
		97A2E1AD2020D0EE00E625C5 /* Every_DoUITests.m in Sources */ = {isa = PBXBuildFile; fileRef = 97A2E1AC2020D0EE00E625C5 /* Every_DoUITests.m */; };
		97A2E1BC2020D1C700E625C5 /* Todo.m in Sources */ = {isa = PBXBuildFile; fileRef = 97A2E1BB2020D1C700E625C5 /* Todo.m */; };
		97A2E1BF2020D62200E625C5 /* TodoTableViewController.m in Sources */ = {isa = PBXBuildFile; fileRef = 97A2E1BE2020D62200E625C5 /* TodoTableViewController.m */; };
		97A2E1C22020DCF200E625C5 /* TodoTableViewCell.m in Sources */ = {isa = PBXBuildFile; fileRef = 97A2E1C12020DCF200E625C5 /* TodoTableViewCell.m */; };
		97A2E1C52020F4AD00E625C5 /* TodoDetailViewController.m in Sources */ = {isa = PBXBuildFile; fileRef = 97A2E1C42020F4AD00E625C5 /* TodoDetailViewController.m */; };
		97A2E1C82021040900E625C5 /* NewTodoViewController.m in Sources */ = {isa = PBXBuildFile; fileRef = 97A2E1C72021040900E625C5 /* NewTodoViewController.m */; };
/* End PBXBuildFile section */

/* Begin PBXContainerItemProxy section */
		97A2E19E2020D0EE00E625C5 /* PBXContainerItemProxy */ = {
			isa = PBXContainerItemProxy;
			containerPortal = 97A2E17D2020D0ED00E625C5 /* Project object */;
			proxyType = 1;
			remoteGlobalIDString = 97A2E1842020D0ED00E625C5;
			remoteInfo = Every.Do;
		};
		97A2E1A92020D0EE00E625C5 /* PBXContainerItemProxy */ = {
			isa = PBXContainerItemProxy;
			containerPortal = 97A2E17D2020D0ED00E625C5 /* Project object */;
			proxyType = 1;
			remoteGlobalIDString = 97A2E1842020D0ED00E625C5;
			remoteInfo = Every.Do;
		};
/* End PBXContainerItemProxy section */

/* Begin PBXFileReference section */
		97A2E1852020D0EE00E625C5 /* Every.Do.app */ = {isa = PBXFileReference; explicitFileType = wrapper.application; includeInIndex = 0; path = Every.Do.app; sourceTree = BUILT_PRODUCTS_DIR; };
		97A2E1882020D0EE00E625C5 /* AppDelegate.h */ = {isa = PBXFileReference; lastKnownFileType = sourcecode.c.h; path = AppDelegate.h; sourceTree = "<group>"; };
		97A2E1892020D0EE00E625C5 /* AppDelegate.m */ = {isa = PBXFileReference; lastKnownFileType = sourcecode.c.objc; path = AppDelegate.m; sourceTree = "<group>"; };
		97A2E18F2020D0EE00E625C5 /* Base */ = {isa = PBXFileReference; lastKnownFileType = file.storyboard; name = Base; path = Base.lproj/Main.storyboard; sourceTree = "<group>"; };
		97A2E1912020D0EE00E625C5 /* Assets.xcassets */ = {isa = PBXFileReference; lastKnownFileType = folder.assetcatalog; path = Assets.xcassets; sourceTree = "<group>"; };
		97A2E1942020D0EE00E625C5 /* Base */ = {isa = PBXFileReference; lastKnownFileType = file.storyboard; name = Base; path = Base.lproj/LaunchScreen.storyboard; sourceTree = "<group>"; };
		97A2E1962020D0EE00E625C5 /* Info.plist */ = {isa = PBXFileReference; lastKnownFileType = text.plist.xml; path = Info.plist; sourceTree = "<group>"; };
		97A2E1972020D0EE00E625C5 /* main.m */ = {isa = PBXFileReference; lastKnownFileType = sourcecode.c.objc; path = main.m; sourceTree = "<group>"; };
		97A2E19D2020D0EE00E625C5 /* Every.DoTests.xctest */ = {isa = PBXFileReference; explicitFileType = wrapper.cfbundle; includeInIndex = 0; path = Every.DoTests.xctest; sourceTree = BUILT_PRODUCTS_DIR; };
		97A2E1A12020D0EE00E625C5 /* Every_DoTests.m */ = {isa = PBXFileReference; lastKnownFileType = sourcecode.c.objc; path = Every_DoTests.m; sourceTree = "<group>"; };
		97A2E1A32020D0EE00E625C5 /* Info.plist */ = {isa = PBXFileReference; lastKnownFileType = text.plist.xml; path = Info.plist; sourceTree = "<group>"; };
		97A2E1A82020D0EE00E625C5 /* Every.DoUITests.xctest */ = {isa = PBXFileReference; explicitFileType = wrapper.cfbundle; includeInIndex = 0; path = Every.DoUITests.xctest; sourceTree = BUILT_PRODUCTS_DIR; };
		97A2E1AC2020D0EE00E625C5 /* Every_DoUITests.m */ = {isa = PBXFileReference; lastKnownFileType = sourcecode.c.objc; path = Every_DoUITests.m; sourceTree = "<group>"; };
		97A2E1AE2020D0EE00E625C5 /* Info.plist */ = {isa = PBXFileReference; lastKnownFileType = text.plist.xml; path = Info.plist; sourceTree = "<group>"; };
		97A2E1BA2020D1C700E625C5 /* Todo.h */ = {isa = PBXFileReference; lastKnownFileType = sourcecode.c.h; path = Todo.h; sourceTree = "<group>"; };
		97A2E1BB2020D1C700E625C5 /* Todo.m */ = {isa = PBXFileReference; lastKnownFileType = sourcecode.c.objc; path = Todo.m; sourceTree = "<group>"; };
		97A2E1BD2020D62200E625C5 /* TodoTableViewController.h */ = {isa = PBXFileReference; lastKnownFileType = sourcecode.c.h; path = TodoTableViewController.h; sourceTree = "<group>"; };
		97A2E1BE2020D62200E625C5 /* TodoTableViewController.m */ = {isa = PBXFileReference; lastKnownFileType = sourcecode.c.objc; path = TodoTableViewController.m; sourceTree = "<group>"; };
		97A2E1C02020DCF200E625C5 /* TodoTableViewCell.h */ = {isa = PBXFileReference; lastKnownFileType = sourcecode.c.h; path = TodoTableViewCell.h; sourceTree = "<group>"; };
		97A2E1C12020DCF200E625C5 /* TodoTableViewCell.m */ = {isa = PBXFileReference; lastKnownFileType = sourcecode.c.objc; path = TodoTableViewCell.m; sourceTree = "<group>"; };
		97A2E1C32020F4AD00E625C5 /* TodoDetailViewController.h */ = {isa = PBXFileReference; lastKnownFileType = sourcecode.c.h; path = TodoDetailViewController.h; sourceTree = "<group>"; };
		97A2E1C42020F4AD00E625C5 /* TodoDetailViewController.m */ = {isa = PBXFileReference; lastKnownFileType = sourcecode.c.objc; path = TodoDetailViewController.m; sourceTree = "<group>"; };
		97A2E1C62021040900E625C5 /* NewTodoViewController.h */ = {isa = PBXFileReference; lastKnownFileType = sourcecode.c.h; path = NewTodoViewController.h; sourceTree = "<group>"; };
		97A2E1C72021040900E625C5 /* NewTodoViewController.m */ = {isa = PBXFileReference; lastKnownFileType = sourcecode.c.objc; path = NewTodoViewController.m; sourceTree = "<group>"; };
/* End PBXFileReference section */

/* Begin PBXFrameworksBuildPhase section */
		97A2E1822020D0ED00E625C5 /* Frameworks */ = {
			isa = PBXFrameworksBuildPhase;
			buildActionMask = 2147483647;
			files = (
			);
			runOnlyForDeploymentPostprocessing = 0;
		};
		97A2E19A2020D0EE00E625C5 /* Frameworks */ = {
			isa = PBXFrameworksBuildPhase;
			buildActionMask = 2147483647;
			files = (
			);
			runOnlyForDeploymentPostprocessing = 0;
		};
		97A2E1A52020D0EE00E625C5 /* Frameworks */ = {
			isa = PBXFrameworksBuildPhase;
			buildActionMask = 2147483647;
			files = (
			);
			runOnlyForDeploymentPostprocessing = 0;
		};
/* End PBXFrameworksBuildPhase section */

/* Begin PBXGroup section */
		97A2E17C2020D0ED00E625C5 = {
			isa = PBXGroup;
			children = (
				97A2E1872020D0EE00E625C5 /* Every.Do */,
				97A2E1A02020D0EE00E625C5 /* Every.DoTests */,
				97A2E1AB2020D0EE00E625C5 /* Every.DoUITests */,
				97A2E1862020D0EE00E625C5 /* Products */,
			);
			sourceTree = "<group>";
		};
		97A2E1862020D0EE00E625C5 /* Products */ = {
			isa = PBXGroup;
			children = (
				97A2E1852020D0EE00E625C5 /* Every.Do.app */,
				97A2E19D2020D0EE00E625C5 /* Every.DoTests.xctest */,
				97A2E1A82020D0EE00E625C5 /* Every.DoUITests.xctest */,
			);
			name = Products;
			sourceTree = "<group>";
		};
		97A2E1872020D0EE00E625C5 /* Every.Do */ = {
			isa = PBXGroup;
			children = (
				97A2E1882020D0EE00E625C5 /* AppDelegate.h */,
				97A2E1892020D0EE00E625C5 /* AppDelegate.m */,
				97A2E1BD2020D62200E625C5 /* TodoTableViewController.h */,
				97A2E1BE2020D62200E625C5 /* TodoTableViewController.m */,
				97A2E1BA2020D1C700E625C5 /* Todo.h */,
				97A2E1BB2020D1C700E625C5 /* Todo.m */,
				97A2E1C02020DCF200E625C5 /* TodoTableViewCell.h */,
				97A2E1C12020DCF200E625C5 /* TodoTableViewCell.m */,
				97A2E1C32020F4AD00E625C5 /* TodoDetailViewController.h */,
				97A2E1C42020F4AD00E625C5 /* TodoDetailViewController.m */,
				97A2E1C62021040900E625C5 /* NewTodoViewController.h */,
				97A2E1C72021040900E625C5 /* NewTodoViewController.m */,
				97A2E18E2020D0EE00E625C5 /* Main.storyboard */,
				97A2E1912020D0EE00E625C5 /* Assets.xcassets */,
				97A2E1932020D0EE00E625C5 /* LaunchScreen.storyboard */,
				97A2E1962020D0EE00E625C5 /* Info.plist */,
				97A2E1972020D0EE00E625C5 /* main.m */,
			);
			path = Every.Do;
			sourceTree = "<group>";
		};
		97A2E1A02020D0EE00E625C5 /* Every.DoTests */ = {
			isa = PBXGroup;
			children = (
				97A2E1A12020D0EE00E625C5 /* Every_DoTests.m */,
				97A2E1A32020D0EE00E625C5 /* Info.plist */,
			);
			path = Every.DoTests;
			sourceTree = "<group>";
		};
		97A2E1AB2020D0EE00E625C5 /* Every.DoUITests */ = {
			isa = PBXGroup;
			children = (
				97A2E1AC2020D0EE00E625C5 /* Every_DoUITests.m */,
				97A2E1AE2020D0EE00E625C5 /* Info.plist */,
			);
			path = Every.DoUITests;
			sourceTree = "<group>";
		};
/* End PBXGroup section */

/* Begin PBXNativeTarget section */
		97A2E1842020D0ED00E625C5 /* Every.Do */ = {
			isa = PBXNativeTarget;
			buildConfigurationList = 97A2E1B12020D0EE00E625C5 /* Build configuration list for PBXNativeTarget "Every.Do" */;
			buildPhases = (
				97A2E1812020D0ED00E625C5 /* Sources */,
				97A2E1822020D0ED00E625C5 /* Frameworks */,
				97A2E1832020D0ED00E625C5 /* Resources */,
			);
			buildRules = (
			);
			dependencies = (
			);
			name = Every.Do;
			productName = Every.Do;
			productReference = 97A2E1852020D0EE00E625C5 /* Every.Do.app */;
			productType = "com.apple.product-type.application";
		};
		97A2E19C2020D0EE00E625C5 /* Every.DoTests */ = {
			isa = PBXNativeTarget;
			buildConfigurationList = 97A2E1B42020D0EE00E625C5 /* Build configuration list for PBXNativeTarget "Every.DoTests" */;
			buildPhases = (
				97A2E1992020D0EE00E625C5 /* Sources */,
				97A2E19A2020D0EE00E625C5 /* Frameworks */,
				97A2E19B2020D0EE00E625C5 /* Resources */,
			);
			buildRules = (
			);
			dependencies = (
				97A2E19F2020D0EE00E625C5 /* PBXTargetDependency */,
			);
			name = Every.DoTests;
			productName = Every.DoTests;
			productReference = 97A2E19D2020D0EE00E625C5 /* Every.DoTests.xctest */;
			productType = "com.apple.product-type.bundle.unit-test";
		};
		97A2E1A72020D0EE00E625C5 /* Every.DoUITests */ = {
			isa = PBXNativeTarget;
			buildConfigurationList = 97A2E1B72020D0EE00E625C5 /* Build configuration list for PBXNativeTarget "Every.DoUITests" */;
			buildPhases = (
				97A2E1A42020D0EE00E625C5 /* Sources */,
				97A2E1A52020D0EE00E625C5 /* Frameworks */,
				97A2E1A62020D0EE00E625C5 /* Resources */,
			);
			buildRules = (
			);
			dependencies = (
				97A2E1AA2020D0EE00E625C5 /* PBXTargetDependency */,
			);
			name = Every.DoUITests;
			productName = Every.DoUITests;
			productReference = 97A2E1A82020D0EE00E625C5 /* Every.DoUITests.xctest */;
			productType = "com.apple.product-type.bundle.ui-testing";
		};
/* End PBXNativeTarget section */

/* Begin PBXProject section */
		97A2E17D2020D0ED00E625C5 /* Project object */ = {
			isa = PBXProject;
			attributes = {
				LastUpgradeCheck = 0920;
				ORGANIZATIONNAME = "Aaron Chong";
				TargetAttributes = {
					97A2E1842020D0ED00E625C5 = {
						CreatedOnToolsVersion = 9.2;
						ProvisioningStyle = Automatic;
					};
					97A2E19C2020D0EE00E625C5 = {
						CreatedOnToolsVersion = 9.2;
						ProvisioningStyle = Automatic;
						TestTargetID = 97A2E1842020D0ED00E625C5;
					};
					97A2E1A72020D0EE00E625C5 = {
						CreatedOnToolsVersion = 9.2;
						ProvisioningStyle = Automatic;
						TestTargetID = 97A2E1842020D0ED00E625C5;
					};
				};
			};
			buildConfigurationList = 97A2E1802020D0ED00E625C5 /* Build configuration list for PBXProject "Every.Do" */;
			compatibilityVersion = "Xcode 8.0";
			developmentRegion = en;
			hasScannedForEncodings = 0;
			knownRegions = (
				en,
				Base,
			);
			mainGroup = 97A2E17C2020D0ED00E625C5;
			productRefGroup = 97A2E1862020D0EE00E625C5 /* Products */;
			projectDirPath = "";
			projectRoot = "";
			targets = (
				97A2E1842020D0ED00E625C5 /* Every.Do */,
				97A2E19C2020D0EE00E625C5 /* Every.DoTests */,
				97A2E1A72020D0EE00E625C5 /* Every.DoUITests */,
			);
		};
/* End PBXProject section */

/* Begin PBXResourcesBuildPhase section */
		97A2E1832020D0ED00E625C5 /* Resources */ = {
			isa = PBXResourcesBuildPhase;
			buildActionMask = 2147483647;
			files = (
				97A2E1952020D0EE00E625C5 /* LaunchScreen.storyboard in Resources */,
				97A2E1922020D0EE00E625C5 /* Assets.xcassets in Resources */,
				97A2E1902020D0EE00E625C5 /* Main.storyboard in Resources */,
			);
			runOnlyForDeploymentPostprocessing = 0;
		};
		97A2E19B2020D0EE00E625C5 /* Resources */ = {
			isa = PBXResourcesBuildPhase;
			buildActionMask = 2147483647;
			files = (
			);
			runOnlyForDeploymentPostprocessing = 0;
		};
		97A2E1A62020D0EE00E625C5 /* Resources */ = {
			isa = PBXResourcesBuildPhase;
			buildActionMask = 2147483647;
			files = (
			);
			runOnlyForDeploymentPostprocessing = 0;
		};
/* End PBXResourcesBuildPhase section */

/* Begin PBXSourcesBuildPhase section */
		97A2E1812020D0ED00E625C5 /* Sources */ = {
			isa = PBXSourcesBuildPhase;
			buildActionMask = 2147483647;
			files = (
				97A2E1982020D0EE00E625C5 /* main.m in Sources */,
				97A2E1C52020F4AD00E625C5 /* TodoDetailViewController.m in Sources */,
				97A2E1C82021040900E625C5 /* NewTodoViewController.m in Sources */,
				97A2E1BF2020D62200E625C5 /* TodoTableViewController.m in Sources */,
				97A2E1C22020DCF200E625C5 /* TodoTableViewCell.m in Sources */,
				97A2E18A2020D0EE00E625C5 /* AppDelegate.m in Sources */,
				97A2E1BC2020D1C700E625C5 /* Todo.m in Sources */,
			);
			runOnlyForDeploymentPostprocessing = 0;
		};
		97A2E1992020D0EE00E625C5 /* Sources */ = {
			isa = PBXSourcesBuildPhase;
			buildActionMask = 2147483647;
			files = (
				97A2E1A22020D0EE00E625C5 /* Every_DoTests.m in Sources */,
			);
			runOnlyForDeploymentPostprocessing = 0;
		};
		97A2E1A42020D0EE00E625C5 /* Sources */ = {
			isa = PBXSourcesBuildPhase;
			buildActionMask = 2147483647;
			files = (
				97A2E1AD2020D0EE00E625C5 /* Every_DoUITests.m in Sources */,
			);
			runOnlyForDeploymentPostprocessing = 0;
		};
/* End PBXSourcesBuildPhase section */

/* Begin PBXTargetDependency section */
		97A2E19F2020D0EE00E625C5 /* PBXTargetDependency */ = {
			isa = PBXTargetDependency;
			target = 97A2E1842020D0ED00E625C5 /* Every.Do */;
			targetProxy = 97A2E19E2020D0EE00E625C5 /* PBXContainerItemProxy */;
		};
		97A2E1AA2020D0EE00E625C5 /* PBXTargetDependency */ = {
			isa = PBXTargetDependency;
			target = 97A2E1842020D0ED00E625C5 /* Every.Do */;
			targetProxy = 97A2E1A92020D0EE00E625C5 /* PBXContainerItemProxy */;
		};
/* End PBXTargetDependency section */

/* Begin PBXVariantGroup section */
		97A2E18E2020D0EE00E625C5 /* Main.storyboard */ = {
			isa = PBXVariantGroup;
			children = (
				97A2E18F2020D0EE00E625C5 /* Base */,
			);
			name = Main.storyboard;
			sourceTree = "<group>";
		};
		97A2E1932020D0EE00E625C5 /* LaunchScreen.storyboard */ = {
			isa = PBXVariantGroup;
			children = (
				97A2E1942020D0EE00E625C5 /* Base */,
			);
			name = LaunchScreen.storyboard;
			sourceTree = "<group>";
		};
/* End PBXVariantGroup section */

/* Begin XCBuildConfiguration section */
		97A2E1AF2020D0EE00E625C5 /* Debug */ = {
			isa = XCBuildConfiguration;
			buildSettings = {
				ALWAYS_SEARCH_USER_PATHS = NO;
				CLANG_ANALYZER_NONNULL = YES;
				CLANG_ANALYZER_NUMBER_OBJECT_CONVERSION = YES_AGGRESSIVE;
				CLANG_CXX_LANGUAGE_STANDARD = "gnu++14";
				CLANG_CXX_LIBRARY = "libc++";
				CLANG_ENABLE_MODULES = YES;
				CLANG_ENABLE_OBJC_ARC = YES;
				CLANG_WARN_BLOCK_CAPTURE_AUTORELEASING = YES;
				CLANG_WARN_BOOL_CONVERSION = YES;
				CLANG_WARN_COMMA = YES;
				CLANG_WARN_CONSTANT_CONVERSION = YES;
				CLANG_WARN_DIRECT_OBJC_ISA_USAGE = YES_ERROR;
				CLANG_WARN_DOCUMENTATION_COMMENTS = YES;
				CLANG_WARN_EMPTY_BODY = YES;
				CLANG_WARN_ENUM_CONVERSION = YES;
				CLANG_WARN_INFINITE_RECURSION = YES;
				CLANG_WARN_INT_CONVERSION = YES;
				CLANG_WARN_NON_LITERAL_NULL_CONVERSION = YES;
				CLANG_WARN_OBJC_LITERAL_CONVERSION = YES;
				CLANG_WARN_OBJC_ROOT_CLASS = YES_ERROR;
				CLANG_WARN_RANGE_LOOP_ANALYSIS = YES;
				CLANG_WARN_STRICT_PROTOTYPES = YES;
				CLANG_WARN_SUSPICIOUS_MOVE = YES;
				CLANG_WARN_UNGUARDED_AVAILABILITY = YES_AGGRESSIVE;
				CLANG_WARN_UNREACHABLE_CODE = YES;
				CLANG_WARN__DUPLICATE_METHOD_MATCH = YES;
				CODE_SIGN_IDENTITY = "iPhone Developer";
				COPY_PHASE_STRIP = NO;
				DEBUG_INFORMATION_FORMAT = dwarf;
				ENABLE_STRICT_OBJC_MSGSEND = YES;
				ENABLE_TESTABILITY = YES;
				GCC_C_LANGUAGE_STANDARD = gnu11;
				GCC_DYNAMIC_NO_PIC = NO;
				GCC_NO_COMMON_BLOCKS = YES;
				GCC_OPTIMIZATION_LEVEL = 0;
				GCC_PREPROCESSOR_DEFINITIONS = (
					"DEBUG=1",
					"$(inherited)",
				);
				GCC_WARN_64_TO_32_BIT_CONVERSION = YES;
				GCC_WARN_ABOUT_RETURN_TYPE = YES_ERROR;
				GCC_WARN_UNDECLARED_SELECTOR = YES;
				GCC_WARN_UNINITIALIZED_AUTOS = YES_AGGRESSIVE;
				GCC_WARN_UNUSED_FUNCTION = YES;
				GCC_WARN_UNUSED_VARIABLE = YES;
				IPHONEOS_DEPLOYMENT_TARGET = 11.2;
				MTL_ENABLE_DEBUG_INFO = YES;
				ONLY_ACTIVE_ARCH = YES;
				SDKROOT = iphoneos;
			};
			name = Debug;
		};
		97A2E1B02020D0EE00E625C5 /* Release */ = {
			isa = XCBuildConfiguration;
			buildSettings = {
				ALWAYS_SEARCH_USER_PATHS = NO;
				CLANG_ANALYZER_NONNULL = YES;
				CLANG_ANALYZER_NUMBER_OBJECT_CONVERSION = YES_AGGRESSIVE;
				CLANG_CXX_LANGUAGE_STANDARD = "gnu++14";
				CLANG_CXX_LIBRARY = "libc++";
				CLANG_ENABLE_MODULES = YES;
				CLANG_ENABLE_OBJC_ARC = YES;
				CLANG_WARN_BLOCK_CAPTURE_AUTORELEASING = YES;
				CLANG_WARN_BOOL_CONVERSION = YES;
				CLANG_WARN_COMMA = YES;
				CLANG_WARN_CONSTANT_CONVERSION = YES;
				CLANG_WARN_DIRECT_OBJC_ISA_USAGE = YES_ERROR;
				CLANG_WARN_DOCUMENTATION_COMMENTS = YES;
				CLANG_WARN_EMPTY_BODY = YES;
				CLANG_WARN_ENUM_CONVERSION = YES;
				CLANG_WARN_INFINITE_RECURSION = YES;
				CLANG_WARN_INT_CONVERSION = YES;
				CLANG_WARN_NON_LITERAL_NULL_CONVERSION = YES;
				CLANG_WARN_OBJC_LITERAL_CONVERSION = YES;
				CLANG_WARN_OBJC_ROOT_CLASS = YES_ERROR;
				CLANG_WARN_RANGE_LOOP_ANALYSIS = YES;
				CLANG_WARN_STRICT_PROTOTYPES = YES;
				CLANG_WARN_SUSPICIOUS_MOVE = YES;
				CLANG_WARN_UNGUARDED_AVAILABILITY = YES_AGGRESSIVE;
				CLANG_WARN_UNREACHABLE_CODE = YES;
				CLANG_WARN__DUPLICATE_METHOD_MATCH = YES;
				CODE_SIGN_IDENTITY = "iPhone Developer";
				COPY_PHASE_STRIP = NO;
				DEBUG_INFORMATION_FORMAT = "dwarf-with-dsym";
				ENABLE_NS_ASSERTIONS = NO;
				ENABLE_STRICT_OBJC_MSGSEND = YES;
				GCC_C_LANGUAGE_STANDARD = gnu11;
				GCC_NO_COMMON_BLOCKS = YES;
				GCC_WARN_64_TO_32_BIT_CONVERSION = YES;
				GCC_WARN_ABOUT_RETURN_TYPE = YES_ERROR;
				GCC_WARN_UNDECLARED_SELECTOR = YES;
				GCC_WARN_UNINITIALIZED_AUTOS = YES_AGGRESSIVE;
				GCC_WARN_UNUSED_FUNCTION = YES;
				GCC_WARN_UNUSED_VARIABLE = YES;
				IPHONEOS_DEPLOYMENT_TARGET = 11.2;
				MTL_ENABLE_DEBUG_INFO = NO;
				SDKROOT = iphoneos;
				VALIDATE_PRODUCT = YES;
			};
			name = Release;
		};
		97A2E1B22020D0EE00E625C5 /* Debug */ = {
			isa = XCBuildConfiguration;
			buildSettings = {
				ASSETCATALOG_COMPILER_APPICON_NAME = AppIcon;
				CODE_SIGN_STYLE = Automatic;
				INFOPLIST_FILE = Every.Do/Info.plist;
				LD_RUNPATH_SEARCH_PATHS = "$(inherited) @executable_path/Frameworks";
				PRODUCT_BUNDLE_IDENTIFIER = "com.AaronChong.Every-Do";
				PRODUCT_NAME = "$(TARGET_NAME)";
				TARGETED_DEVICE_FAMILY = "1,2";
			};
			name = Debug;
		};
		97A2E1B32020D0EE00E625C5 /* Release */ = {
			isa = XCBuildConfiguration;
			buildSettings = {
				ASSETCATALOG_COMPILER_APPICON_NAME = AppIcon;
				CODE_SIGN_STYLE = Automatic;
				INFOPLIST_FILE = Every.Do/Info.plist;
				LD_RUNPATH_SEARCH_PATHS = "$(inherited) @executable_path/Frameworks";
				PRODUCT_BUNDLE_IDENTIFIER = "com.AaronChong.Every-Do";
				PRODUCT_NAME = "$(TARGET_NAME)";
				TARGETED_DEVICE_FAMILY = "1,2";
			};
			name = Release;
		};
		97A2E1B52020D0EE00E625C5 /* Debug */ = {
			isa = XCBuildConfiguration;
			buildSettings = {
				BUNDLE_LOADER = "$(TEST_HOST)";
				CODE_SIGN_STYLE = Automatic;
				INFOPLIST_FILE = Every.DoTests/Info.plist;
				LD_RUNPATH_SEARCH_PATHS = "$(inherited) @executable_path/Frameworks @loader_path/Frameworks";
				PRODUCT_BUNDLE_IDENTIFIER = "com.AaronChong.Every-DoTests";
				PRODUCT_NAME = "$(TARGET_NAME)";
				TARGETED_DEVICE_FAMILY = "1,2";
				TEST_HOST = "$(BUILT_PRODUCTS_DIR)/Every.Do.app/Every.Do";
			};
			name = Debug;
		};
		97A2E1B62020D0EE00E625C5 /* Release */ = {
			isa = XCBuildConfiguration;
			buildSettings = {
				BUNDLE_LOADER = "$(TEST_HOST)";
				CODE_SIGN_STYLE = Automatic;
				INFOPLIST_FILE = Every.DoTests/Info.plist;
				LD_RUNPATH_SEARCH_PATHS = "$(inherited) @executable_path/Frameworks @loader_path/Frameworks";
				PRODUCT_BUNDLE_IDENTIFIER = "com.AaronChong.Every-DoTests";
				PRODUCT_NAME = "$(TARGET_NAME)";
				TARGETED_DEVICE_FAMILY = "1,2";
				TEST_HOST = "$(BUILT_PRODUCTS_DIR)/Every.Do.app/Every.Do";
			};
			name = Release;
		};
		97A2E1B82020D0EE00E625C5 /* Debug */ = {
			isa = XCBuildConfiguration;
			buildSettings = {
				CODE_SIGN_STYLE = Automatic;
				INFOPLIST_FILE = Every.DoUITests/Info.plist;
				LD_RUNPATH_SEARCH_PATHS = "$(inherited) @executable_path/Frameworks @loader_path/Frameworks";
				PRODUCT_BUNDLE_IDENTIFIER = "com.AaronChong.Every-DoUITests";
				PRODUCT_NAME = "$(TARGET_NAME)";
				TARGETED_DEVICE_FAMILY = "1,2";
				TEST_TARGET_NAME = Every.Do;
			};
			name = Debug;
		};
		97A2E1B92020D0EE00E625C5 /* Release */ = {
			isa = XCBuildConfiguration;
			buildSettings = {
				CODE_SIGN_STYLE = Automatic;
				INFOPLIST_FILE = Every.DoUITests/Info.plist;
				LD_RUNPATH_SEARCH_PATHS = "$(inherited) @executable_path/Frameworks @loader_path/Frameworks";
				PRODUCT_BUNDLE_IDENTIFIER = "com.AaronChong.Every-DoUITests";
				PRODUCT_NAME = "$(TARGET_NAME)";
				TARGETED_DEVICE_FAMILY = "1,2";
				TEST_TARGET_NAME = Every.Do;
			};
			name = Release;
		};
/* End XCBuildConfiguration section */

/* Begin XCConfigurationList section */
		97A2E1802020D0ED00E625C5 /* Build configuration list for PBXProject "Every.Do" */ = {
			isa = XCConfigurationList;
			buildConfigurations = (
				97A2E1AF2020D0EE00E625C5 /* Debug */,
				97A2E1B02020D0EE00E625C5 /* Release */,
			);
			defaultConfigurationIsVisible = 0;
			defaultConfigurationName = Release;
		};
		97A2E1B12020D0EE00E625C5 /* Build configuration list for PBXNativeTarget "Every.Do" */ = {
			isa = XCConfigurationList;
			buildConfigurations = (
				97A2E1B22020D0EE00E625C5 /* Debug */,
				97A2E1B32020D0EE00E625C5 /* Release */,
			);
			defaultConfigurationIsVisible = 0;
			defaultConfigurationName = Release;
		};
		97A2E1B42020D0EE00E625C5 /* Build configuration list for PBXNativeTarget "Every.DoTests" */ = {
			isa = XCConfigurationList;
			buildConfigurations = (
				97A2E1B52020D0EE00E625C5 /* Debug */,
				97A2E1B62020D0EE00E625C5 /* Release */,
			);
			defaultConfigurationIsVisible = 0;
			defaultConfigurationName = Release;
		};
		97A2E1B72020D0EE00E625C5 /* Build configuration list for PBXNativeTarget "Every.DoUITests" */ = {
			isa = XCConfigurationList;
			buildConfigurations = (
				97A2E1B82020D0EE00E625C5 /* Debug */,
				97A2E1B92020D0EE00E625C5 /* Release */,
			);
			defaultConfigurationIsVisible = 0;
			defaultConfigurationName = Release;
		};
/* End XCConfigurationList section */
	};
	rootObject = 97A2E17D2020D0ED00E625C5 /* Project object */;
}
